// !$*UTF8*$!
{
	archiveVersion = 1;
	classes = {
	};
	objectVersion = 46;
	objects = {

/* Begin PBXBuildFile section */
		1243A21A1C0A581D000FE431 /* AppDelegate.swift in Sources */ = {isa = PBXBuildFile; fileRef = 1243A2191C0A581D000FE431 /* AppDelegate.swift */; };
		1243A21C1C0A581D000FE431 /* ViewController.swift in Sources */ = {isa = PBXBuildFile; fileRef = 1243A21B1C0A581D000FE431 /* ViewController.swift */; };
		1243A21F1C0A581E000FE431 /* Main.storyboard in Resources */ = {isa = PBXBuildFile; fileRef = 1243A21D1C0A581E000FE431 /* Main.storyboard */; };
		1243A2211C0A581E000FE431 /* Assets.xcassets in Resources */ = {isa = PBXBuildFile; fileRef = 1243A2201C0A581E000FE431 /* Assets.xcassets */; };
		1243A2241C0A581E000FE431 /* LaunchScreen.storyboard in Resources */ = {isa = PBXBuildFile; fileRef = 1243A2221C0A581E000FE431 /* LaunchScreen.storyboard */; };
		1243A22C1C0A6099000FE431 /* podFile in Resources */ = {isa = PBXBuildFile; fileRef = 1243A22B1C0A6099000FE431 /* podFile */; };
		1243A22E1C0A65A3000FE431 /* NetworkInterface.swift in Sources */ = {isa = PBXBuildFile; fileRef = 1243A22D1C0A65A3000FE431 /* NetworkInterface.swift */; };
		1243A2321C0A7105000FE431 /* FormViewController.swift in Sources */ = {isa = PBXBuildFile; fileRef = 1243A2311C0A7105000FE431 /* FormViewController.swift */; };
		52A4B91E5B26EB1045B490B8 /* Pods.framework in Frameworks */ = {isa = PBXBuildFile; fileRef = C1C3C52492CB6997A4353883 /* Pods.framework */; };
/* End PBXBuildFile section */

/* Begin PBXFileReference section */
		1243A2161C0A581D000FE431 /* TTime.app */ = {isa = PBXFileReference; explicitFileType = wrapper.application; includeInIndex = 0; path = TTime.app; sourceTree = BUILT_PRODUCTS_DIR; };
		1243A2191C0A581D000FE431 /* AppDelegate.swift */ = {isa = PBXFileReference; lastKnownFileType = sourcecode.swift; path = AppDelegate.swift; sourceTree = "<group>"; };
		1243A21B1C0A581D000FE431 /* ViewController.swift */ = {isa = PBXFileReference; lastKnownFileType = sourcecode.swift; path = ViewController.swift; sourceTree = "<group>"; };
		1243A21E1C0A581E000FE431 /* Base */ = {isa = PBXFileReference; lastKnownFileType = file.storyboard; name = Base; path = Base.lproj/Main.storyboard; sourceTree = "<group>"; };
		1243A2201C0A581E000FE431 /* Assets.xcassets */ = {isa = PBXFileReference; lastKnownFileType = folder.assetcatalog; path = Assets.xcassets; sourceTree = "<group>"; };
		1243A2231C0A581E000FE431 /* Base */ = {isa = PBXFileReference; lastKnownFileType = file.storyboard; name = Base; path = Base.lproj/LaunchScreen.storyboard; sourceTree = "<group>"; };
		1243A2251C0A581E000FE431 /* Info.plist */ = {isa = PBXFileReference; lastKnownFileType = text.plist.xml; path = Info.plist; sourceTree = "<group>"; };
		1243A22B1C0A6099000FE431 /* podFile */ = {isa = PBXFileReference; fileEncoding = 4; lastKnownFileType = text; path = podFile; sourceTree = "<group>"; };
		1243A22D1C0A65A3000FE431 /* NetworkInterface.swift */ = {isa = PBXFileReference; fileEncoding = 4; lastKnownFileType = sourcecode.swift; path = NetworkInterface.swift; sourceTree = "<group>"; };
		1243A2311C0A7105000FE431 /* FormViewController.swift */ = {isa = PBXFileReference; fileEncoding = 4; lastKnownFileType = sourcecode.swift; path = FormViewController.swift; sourceTree = "<group>"; };
		21692ECF18F686C49D5C00F1 /* Pods.release.xcconfig */ = {isa = PBXFileReference; includeInIndex = 1; lastKnownFileType = text.xcconfig; name = Pods.release.xcconfig; path = "Pods/Target Support Files/Pods/Pods.release.xcconfig"; sourceTree = "<group>"; };
		54FD59DE4EFFD02CC4320860 /* Pods.debug.xcconfig */ = {isa = PBXFileReference; includeInIndex = 1; lastKnownFileType = text.xcconfig; name = Pods.debug.xcconfig; path = "Pods/Target Support Files/Pods/Pods.debug.xcconfig"; sourceTree = "<group>"; };
		C1C3C52492CB6997A4353883 /* Pods.framework */ = {isa = PBXFileReference; explicitFileType = wrapper.framework; includeInIndex = 0; path = Pods.framework; sourceTree = BUILT_PRODUCTS_DIR; };
/* End PBXFileReference section */

/* Begin PBXFrameworksBuildPhase section */
		1243A2131C0A581D000FE431 /* Frameworks */ = {
			isa = PBXFrameworksBuildPhase;
			buildActionMask = 2147483647;
			files = (
				52A4B91E5B26EB1045B490B8 /* Pods.framework in Frameworks */,
			);
			runOnlyForDeploymentPostprocessing = 0;
		};
/* End PBXFrameworksBuildPhase section */

/* Begin PBXGroup section */
		1243A20D1C0A581D000FE431 = {
			isa = PBXGroup;
			children = (
				1243A22B1C0A6099000FE431 /* podFile */,
				1243A2181C0A581D000FE431 /* TTime */,
				1243A2171C0A581D000FE431 /* Products */,
				72946056177EE496465B9BD0 /* Pods */,
				60E5F03D5F072B016E5BA9E6 /* Frameworks */,
			);
			sourceTree = "<group>";
		};
		1243A2171C0A581D000FE431 /* Products */ = {
			isa = PBXGroup;
			children = (
				1243A2161C0A581D000FE431 /* TTime.app */,
			);
			name = Products;
			sourceTree = "<group>";
		};
		1243A2181C0A581D000FE431 /* TTime */ = {
			isa = PBXGroup;
			children = (
				1243A2191C0A581D000FE431 /* AppDelegate.swift */,
				1243A21D1C0A581E000FE431 /* Main.storyboard */,
				1243A2201C0A581E000FE431 /* Assets.xcassets */,
				1243A2301C0A65B8000FE431 /* ViewControllers */,
				1243A22F1C0A65AC000FE431 /* model */,
				1243A2251C0A581E000FE431 /* Info.plist */,
				1243A2221C0A581E000FE431 /* LaunchScreen.storyboard */,
			);
			path = TTime;
			sourceTree = "<group>";
		};
		1243A22F1C0A65AC000FE431 /* model */ = {
			isa = PBXGroup;
			children = (
				1243A22D1C0A65A3000FE431 /* NetworkInterface.swift */,
			);
			name = model;
			sourceTree = "<group>";
		};
		1243A2301C0A65B8000FE431 /* ViewControllers */ = {
			isa = PBXGroup;
			children = (
				1243A21B1C0A581D000FE431 /* ViewController.swift */,
				1243A2311C0A7105000FE431 /* FormViewController.swift */,
			);
			name = ViewControllers;
			sourceTree = "<group>";
		};
		60E5F03D5F072B016E5BA9E6 /* Frameworks */ = {
			isa = PBXGroup;
			children = (
				C1C3C52492CB6997A4353883 /* Pods.framework */,
			);
			name = Frameworks;
			sourceTree = "<group>";
		};
		72946056177EE496465B9BD0 /* Pods */ = {
			isa = PBXGroup;
			children = (
				54FD59DE4EFFD02CC4320860 /* Pods.debug.xcconfig */,
				21692ECF18F686C49D5C00F1 /* Pods.release.xcconfig */,
			);
			name = Pods;
			sourceTree = "<group>";
		};
/* End PBXGroup section */

/* Begin PBXNativeTarget section */
		1243A2151C0A581D000FE431 /* TTime */ = {
			isa = PBXNativeTarget;
			buildConfigurationList = 1243A2281C0A581E000FE431 /* Build configuration list for PBXNativeTarget "TTime" */;
			buildPhases = (
				BB228116AF83635FE4C02577 /* Check Pods Manifest.lock */,
				1243A2121C0A581D000FE431 /* Sources */,
				1243A2131C0A581D000FE431 /* Frameworks */,
				1243A2141C0A581D000FE431 /* Resources */,
				F11D4B944060CB9FC40E46C0 /* Embed Pods Frameworks */,
				269A0E65F595B0871B9B243D /* Copy Pods Resources */,
			);
			buildRules = (
			);
			dependencies = (
			);
			name = TTime;
			productName = TTime;
			productReference = 1243A2161C0A581D000FE431 /* TTime.app */;
			productType = "com.apple.product-type.application";
		};
/* End PBXNativeTarget section */

/* Begin PBXProject section */
		1243A20E1C0A581D000FE431 /* Project object */ = {
			isa = PBXProject;
			attributes = {
				LastSwiftUpdateCheck = 0710;
				LastUpgradeCheck = 0710;
				ORGANIZATIONNAME = ARJHack;
				TargetAttributes = {
					1243A2151C0A581D000FE431 = {
						CreatedOnToolsVersion = 7.1;
					};
				};
			};
			buildConfigurationList = 1243A2111C0A581D000FE431 /* Build configuration list for PBXProject "TTime" */;
			compatibilityVersion = "Xcode 3.2";
			developmentRegion = English;
			hasScannedForEncodings = 0;
			knownRegions = (
				en,
				Base,
			);
			mainGroup = 1243A20D1C0A581D000FE431;
			productRefGroup = 1243A2171C0A581D000FE431 /* Products */;
			projectDirPath = "";
			projectRoot = "";
			targets = (
				1243A2151C0A581D000FE431 /* TTime */,
			);
		};
/* End PBXProject section */

/* Begin PBXResourcesBuildPhase section */
		1243A2141C0A581D000FE431 /* Resources */ = {
			isa = PBXResourcesBuildPhase;
			buildActionMask = 2147483647;
			files = (
				1243A2241C0A581E000FE431 /* LaunchScreen.storyboard in Resources */,
				1243A2211C0A581E000FE431 /* Assets.xcassets in Resources */,
				1243A22C1C0A6099000FE431 /* podFile in Resources */,
				1243A21F1C0A581E000FE431 /* Main.storyboard in Resources */,
			);
			runOnlyForDeploymentPostprocessing = 0;
		};
/* End PBXResourcesBuildPhase section */

/* Begin PBXShellScriptBuildPhase section */
		269A0E65F595B0871B9B243D /* Copy Pods Resources */ = {
			isa = PBXShellScriptBuildPhase;
			buildActionMask = 2147483647;
			files = (
			);
			inputPaths = (
			);
			name = "Copy Pods Resources";
			outputPaths = (
			);
			runOnlyForDeploymentPostprocessing = 0;
			shellPath = /bin/sh;
			shellScript = "\"${SRCROOT}/Pods/Target Support Files/Pods/Pods-resources.sh\"\n";
			showEnvVarsInLog = 0;
		};
		BB228116AF83635FE4C02577 /* Check Pods Manifest.lock */ = {
			isa = PBXShellScriptBuildPhase;
			buildActionMask = 2147483647;
			files = (
			);
			inputPaths = (
			);
			name = "Check Pods Manifest.lock";
			outputPaths = (
			);
			runOnlyForDeploymentPostprocessing = 0;
			shellPath = /bin/sh;
			shellScript = "diff \"${PODS_ROOT}/../Podfile.lock\" \"${PODS_ROOT}/Manifest.lock\" > /dev/null\nif [[ $? != 0 ]] ; then\n    cat << EOM\nerror: The sandbox is not in sync with the Podfile.lock. Run 'pod install' or update your CocoaPods installation.\nEOM\n    exit 1\nfi\n";
			showEnvVarsInLog = 0;
		};
		F11D4B944060CB9FC40E46C0 /* Embed Pods Frameworks */ = {
			isa = PBXShellScriptBuildPhase;
			buildActionMask = 2147483647;
			files = (
			);
			inputPaths = (
			);
			name = "Embed Pods Frameworks";
			outputPaths = (
			);
			runOnlyForDeploymentPostprocessing = 0;
			shellPath = /bin/sh;
			shellScript = "\"${SRCROOT}/Pods/Target Support Files/Pods/Pods-frameworks.sh\"\n";
			showEnvVarsInLog = 0;
		};
/* End PBXShellScriptBuildPhase section */

/* Begin PBXSourcesBuildPhase section */
		1243A2121C0A581D000FE431 /* Sources */ = {
			isa = PBXSourcesBuildPhase;
			buildActionMask = 2147483647;
			files = (
				1243A21C1C0A581D000FE431 /* ViewController.swift in Sources */,
				1243A22E1C0A65A3000FE431 /* NetworkInterface.swift in Sources */,
				1243A2321C0A7105000FE431 /* FormViewController.swift in Sources */,
				1243A21A1C0A581D000FE431 /* AppDelegate.swift in Sources */,
			);
			runOnlyForDeploymentPostprocessing = 0;
		};
/* End PBXSourcesBuildPhase section */

/* Begin PBXVariantGroup section */
		1243A21D1C0A581E000FE431 /* Main.storyboard */ = {
			isa = PBXVariantGroup;
			children = (
				1243A21E1C0A581E000FE431 /* Base */,
			);
			name = Main.storyboard;
			sourceTree = "<group>";
		};
		1243A2221C0A581E000FE431 /* LaunchScreen.storyboard */ = {
			isa = PBXVariantGroup;
			children = (
				1243A2231C0A581E000FE431 /* Base */,
			);
			name = LaunchScreen.storyboard;
			sourceTree = "<group>";
		};
/* End PBXVariantGroup section */

/* Begin XCBuildConfiguration section */
		1243A2261C0A581E000FE431 /* Debug */ = {
			isa = XCBuildConfiguration;
			buildSettings = {
				ALWAYS_SEARCH_USER_PATHS = NO;
				CLANG_CXX_LANGUAGE_STANDARD = "gnu++0x";
				CLANG_CXX_LIBRARY = "libc++";
				CLANG_ENABLE_MODULES = YES;
				CLANG_ENABLE_OBJC_ARC = YES;
				CLANG_WARN_BOOL_CONVERSION = YES;
				CLANG_WARN_CONSTANT_CONVERSION = YES;
				CLANG_WARN_DIRECT_OBJC_ISA_USAGE = YES_ERROR;
				CLANG_WARN_EMPTY_BODY = YES;
				CLANG_WARN_ENUM_CONVERSION = YES;
				CLANG_WARN_INT_CONVERSION = YES;
				CLANG_WARN_OBJC_ROOT_CLASS = YES_ERROR;
				CLANG_WARN_UNREACHABLE_CODE = YES;
				CLANG_WARN__DUPLICATE_METHOD_MATCH = YES;
				"CODE_SIGN_IDENTITY[sdk=iphoneos*]" = "iPhone Developer";
				COPY_PHASE_STRIP = NO;
				DEBUG_INFORMATION_FORMAT = dwarf;
				ENABLE_STRICT_OBJC_MSGSEND = YES;
				ENABLE_TESTABILITY = YES;
				GCC_C_LANGUAGE_STANDARD = gnu99;
				GCC_DYNAMIC_NO_PIC = NO;
				GCC_NO_COMMON_BLOCKS = YES;
				GCC_OPTIMIZATION_LEVEL = 0;
				GCC_PREPROCESSOR_DEFINITIONS = (
					"DEBUG=1",
					"$(inherited)",
				);
				GCC_WARN_64_TO_32_BIT_CONVERSION = YES;
				GCC_WARN_ABOUT_RETURN_TYPE = YES_ERROR;
				GCC_WARN_UNDECLARED_SELECTOR = YES;
				GCC_WARN_UNINITIALIZED_AUTOS = YES_AGGRESSIVE;
				GCC_WARN_UNUSED_FUNCTION = YES;
				GCC_WARN_UNUSED_VARIABLE = YES;
				IPHONEOS_DEPLOYMENT_TARGET = 9.1;
				MTL_ENABLE_DEBUG_INFO = YES;
				ONLY_ACTIVE_ARCH = YES;
				SDKROOT = iphoneos;
				SWIFT_OPTIMIZATION_LEVEL = "-Onone";
			};
			name = Debug;
		};
		1243A2271C0A581E000FE431 /* Release */ = {
			isa = XCBuildConfiguration;
			buildSettings = {
				ALWAYS_SEARCH_USER_PATHS = NO;
				CLANG_CXX_LANGUAGE_STANDARD = "gnu++0x";
				CLANG_CXX_LIBRARY = "libc++";
				CLANG_ENABLE_MODULES = YES;
				CLANG_ENABLE_OBJC_ARC = YES;
				CLANG_WARN_BOOL_CONVERSION = YES;
				CLANG_WARN_CONSTANT_CONVERSION = YES;
				CLANG_WARN_DIRECT_OBJC_ISA_USAGE = YES_ERROR;
				CLANG_WARN_EMPTY_BODY = YES;
				CLANG_WARN_ENUM_CONVERSION = YES;
				CLANG_WARN_INT_CONVERSION = YES;
				CLANG_WARN_OBJC_ROOT_CLASS = YES_ERROR;
				CLANG_WARN_UNREACHABLE_CODE = YES;
				CLANG_WARN__DUPLICATE_METHOD_MATCH = YES;
				"CODE_SIGN_IDENTITY[sdk=iphoneos*]" = "iPhone Developer";
				COPY_PHASE_STRIP = NO;
				DEBUG_INFORMATION_FORMAT = "dwarf-with-dsym";
				ENABLE_NS_ASSERTIONS = NO;
				ENABLE_STRICT_OBJC_MSGSEND = YES;
				GCC_C_LANGUAGE_STANDARD = gnu99;
				GCC_NO_COMMON_BLOCKS = YES;
				GCC_WARN_64_TO_32_BIT_CONVERSION = YES;
				GCC_WARN_ABOUT_RETURN_TYPE = YES_ERROR;
				GCC_WARN_UNDECLARED_SELECTOR = YES;
				GCC_WARN_UNINITIALIZED_AUTOS = YES_AGGRESSIVE;
				GCC_WARN_UNUSED_FUNCTION = YES;
				GCC_WARN_UNUSED_VARIABLE = YES;
				IPHONEOS_DEPLOYMENT_TARGET = 9.1;
				MTL_ENABLE_DEBUG_INFO = NO;
				SDKROOT = iphoneos;
				VALIDATE_PRODUCT = YES;
			};
			name = Release;
		};
		1243A2291C0A581E000FE431 /* Debug */ = {
			isa = XCBuildConfiguration;
			baseConfigurationReference = 54FD59DE4EFFD02CC4320860 /* Pods.debug.xcconfig */;
			buildSettings = {
				ASSETCATALOG_COMPILER_APPICON_NAME = AppIcon;
				INFOPLIST_FILE = TTime/Info.plist;
				LD_RUNPATH_SEARCH_PATHS = "$(inherited) @executable_path/Frameworks";
				PRODUCT_BUNDLE_IDENTIFIER = com.ARJHack.TTime;
				PRODUCT_NAME = "$(TARGET_NAME)";
			};
			name = Debug;
		};
		1243A22A1C0A581E000FE431 /* Release */ = {
			isa = XCBuildConfiguration;
			baseConfigurationReference = 21692ECF18F686C49D5C00F1 /* Pods.release.xcconfig */;
			buildSettings = {
				ASSETCATALOG_COMPILER_APPICON_NAME = AppIcon;
				INFOPLIST_FILE = TTime/Info.plist;
				LD_RUNPATH_SEARCH_PATHS = "$(inherited) @executable_path/Frameworks";
				PRODUCT_BUNDLE_IDENTIFIER = com.ARJHack.TTime;
				PRODUCT_NAME = "$(TARGET_NAME)";
			};
			name = Release;
		};
/* End XCBuildConfiguration section */

/* Begin XCConfigurationList section */
		1243A2111C0A581D000FE431 /* Build configuration list for PBXProject "TTime" */ = {
			isa = XCConfigurationList;
			buildConfigurations = (
				1243A2261C0A581E000FE431 /* Debug */,
				1243A2271C0A581E000FE431 /* Release */,
			);
			defaultConfigurationIsVisible = 0;
			defaultConfigurationName = Release;
		};
		1243A2281C0A581E000FE431 /* Build configuration list for PBXNativeTarget "TTime" */ = {
			isa = XCConfigurationList;
			buildConfigurations = (
				1243A2291C0A581E000FE431 /* Debug */,
				1243A22A1C0A581E000FE431 /* Release */,
			);
			defaultConfigurationIsVisible = 0;
			defaultConfigurationName = Release;
		};
/* End XCConfigurationList section */
	};
	rootObject = 1243A20E1C0A581D000FE431 /* Project object */;
}
